
Microsoft Visual Studio Solution File, Format Version 12.00
# Visual Studio Version 16
VisualStudioVersion = 16.0.28803.202
MinimumVisualStudioVersion = 10.0.40219.1
Project("{FAE04EC0-301F-11D3-BF4B-00C04F79EFBC}") = "FirstApp", "FirstApp\FirstApp.csproj", "{D1925F76-E2D3-4C64-AC57-6E83A9AFCB57}"
EndProject
Global
	GlobalSection(SolutionConfigurationPlatforms) = preSolution
		Debug|Any CPU = Debug|Any CPU
		Release|Any CPU = Release|Any CPU
	EndGlobalSection
	GlobalSection(ProjectConfigurationPlatforms) = postSolution
		{D1925F76-E2D3-4C64-AC57-6E83A9AFCB57}.Debug|Any CPU.ActiveCfg = Debug|Any CPU
		{D1925F76-E2D3-4C64-AC57-6E83A9AFCB57}.Debug|Any CPU.Build.0 = Debug|Any CPU
		{D1925F76-E2D3-4C64-AC57-6E83A9AFCB57}.Release|Any CPU.ActiveCfg = Release|Any CPU
		{D1925F76-E2D3-4C64-AC57-6E83A9AFCB57}.Release|Any CPU.Build.0 = Release|Any CPU
	EndGlobalSection
	GlobalSection(SolutionProperties) = preSolution
		HideSolutionNode = FALSE
	EndGlobalSection
	GlobalSection(ExtensibilityGlobals) = postSolution
		SolutionGuid = {E2A65677-C25A-499D-B63A-61F4628A7B75}
	EndGlobalSection
EndGlobal
